// !$*UTF8*$!
{
	archiveVersion = 1;
	classes = {
	};
	objectVersion = 46;
	objects = {

/* Begin PBXBuildFile section */
		741FEEB51F2A163100147B36 /* NSString+Additions.m in Sources */ = {isa = PBXBuildFile; fileRef = 741FEEB41F2A163100147B36 /* NSString+Additions.m */; };
		742D714B1F28B5DF007FF7A3 /* EPTabBarController.m in Sources */ = {isa = PBXBuildFile; fileRef = 742D714A1F28B5DF007FF7A3 /* EPTabBarController.m */; };
		745BAF881F14696A00C27730 /* EPNavigationController.m in Sources */ = {isa = PBXBuildFile; fileRef = 745BAF871F14696A00C27730 /* EPNavigationController.m */; };
		745DB2281F1713750068F10B /* UIImageView+EPUIImageView.m in Sources */ = {isa = PBXBuildFile; fileRef = 745DB2271F1713750068F10B /* UIImageView+EPUIImageView.m */; };
		745DB22A1F174B0A0068F10B /* aaa.jpg in Resources */ = {isa = PBXBuildFile; fileRef = 745DB2291F174B0A0068F10B /* aaa.jpg */; };
		745DB22C1F1753B10068F10B /* bbb.jpg in Resources */ = {isa = PBXBuildFile; fileRef = 745DB22B1F1753B10068F10B /* bbb.jpg */; };
		745DB2321F17960E0068F10B /* 3.jpg in Resources */ = {isa = PBXBuildFile; fileRef = 745DB2311F17960E0068F10B /* 3.jpg */; };
		7462E1AB1EF1233800490767 /* EPLoginController.m in Sources */ = {isa = PBXBuildFile; fileRef = 7462E1AA1EF1233800490767 /* EPLoginController.m */; };
		7462E1AE1EF1251800490767 /* EPLoginModel.m in Sources */ = {isa = PBXBuildFile; fileRef = 7462E1AD1EF1251800490767 /* EPLoginModel.m */; };
		7462E1B11EF1266800490767 /* EPLoginView.m in Sources */ = {isa = PBXBuildFile; fileRef = 7462E1B01EF1266800490767 /* EPLoginView.m */; };
		7462E20D1EF17BF200490767 /* EPTextField.m in Sources */ = {isa = PBXBuildFile; fileRef = 7462E20C1EF17BF200490767 /* EPTextField.m */; };
		7464C6261EEC34A500B5EF7B /* EPMainController.m in Sources */ = {isa = PBXBuildFile; fileRef = 7464C6251EEC34A500B5EF7B /* EPMainController.m */; };
		74929ED31F15C782008DECE8 /* EPOneViewController.m in Sources */ = {isa = PBXBuildFile; fileRef = 74929ED21F15C782008DECE8 /* EPOneViewController.m */; };
		74929ED61F15F20F008DECE8 /* EPSegmentView.m in Sources */ = {isa = PBXBuildFile; fileRef = 74929ED51F15F20F008DECE8 /* EPSegmentView.m */; };
		74929ED91F15FA47008DECE8 /* EPOneShowController.m in Sources */ = {isa = PBXBuildFile; fileRef = 74929ED81F15FA47008DECE8 /* EPOneShowController.m */; };
		74929EDC1F161083008DECE8 /* EPOneDetailController.m in Sources */ = {isa = PBXBuildFile; fileRef = 74929EDB1F161083008DECE8 /* EPOneDetailController.m */; };
		74929EDE1F1640D1008DECE8 /* VOL.1740.jpg in Resources */ = {isa = PBXBuildFile; fileRef = 74929EDD1F1640D1008DECE8 /* VOL.1740.jpg */; };
		74929EE11F164133008DECE8 /* OnePictuerCell.m in Sources */ = {isa = PBXBuildFile; fileRef = 74929EE01F164133008DECE8 /* OnePictuerCell.m */; };
		74929EE41F16415C008DECE8 /* OneTextCell.m in Sources */ = {isa = PBXBuildFile; fileRef = 74929EE31F16415C008DECE8 /* OneTextCell.m */; };
		74929EE71F164204008DECE8 /* OneSingCell.m in Sources */ = {isa = PBXBuildFile; fileRef = 74929EE61F164204008DECE8 /* OneSingCell.m */; };
		7496218A1F1864970020E5FA /* OnePicutreModel.m in Sources */ = {isa = PBXBuildFile; fileRef = 749621891F1864970020E5FA /* OnePicutreModel.m */; };
		7496218D1F1864C00020E5FA /* OneTextModel.m in Sources */ = {isa = PBXBuildFile; fileRef = 7496218C1F1864C00020E5FA /* OneTextModel.m */; };
		749621901F1864DC0020E5FA /* OneQusetionModel.m in Sources */ = {isa = PBXBuildFile; fileRef = 7496218F1F1864DC0020E5FA /* OneQusetionModel.m */; };
		749621931F1864F30020E5FA /* OneMusicModel.m in Sources */ = {isa = PBXBuildFile; fileRef = 749621921F1864F30020E5FA /* OneMusicModel.m */; };
		749842381EED75650084B8FA /* EPWelcomeController.m in Sources */ = {isa = PBXBuildFile; fileRef = 749842371EED75650084B8FA /* EPWelcomeController.m */; };
		7498423B1EED78AF0084B8FA /* EPCircleVIew.m in Sources */ = {isa = PBXBuildFile; fileRef = 7498423A1EED78AF0084B8FA /* EPCircleVIew.m */; };
		749842471EED83B10084B8FA /* UILabel+EPUILabel.m in Sources */ = {isa = PBXBuildFile; fileRef = 749842461EED83B10084B8FA /* UILabel+EPUILabel.m */; };
		74A09DA01F10E0530092EC84 /* Lato-Bold.ttf in Resources */ = {isa = PBXBuildFile; fileRef = 74A09D9E1F10E0530092EC84 /* Lato-Bold.ttf */; };
		74A09DA11F10E0530092EC84 /* Lato-Regular.ttf in Resources */ = {isa = PBXBuildFile; fileRef = 74A09D9F1F10E0530092EC84 /* Lato-Regular.ttf */; };
		74B4261C1EE6AF6D00006996 /* main.m in Sources */ = {isa = PBXBuildFile; fileRef = 74B4261B1EE6AF6D00006996 /* main.m */; };
		74B4261F1EE6AF6D00006996 /* AppDelegate.m in Sources */ = {isa = PBXBuildFile; fileRef = 74B4261E1EE6AF6D00006996 /* AppDelegate.m */; };
		74B426221EE6AF6D00006996 /* ViewController.m in Sources */ = {isa = PBXBuildFile; fileRef = 74B426211EE6AF6D00006996 /* ViewController.m */; };
		74B426271EE6AF6D00006996 /* Assets.xcassets in Resources */ = {isa = PBXBuildFile; fileRef = 74B426261EE6AF6D00006996 /* Assets.xcassets */; };
		74B4262A1EE6AF6D00006996 /* LaunchScreen.storyboard in Resources */ = {isa = PBXBuildFile; fileRef = 74B426281EE6AF6D00006996 /* LaunchScreen.storyboard */; };
		74B426351EE6AF6D00006996 /* EverypaperTests.m in Sources */ = {isa = PBXBuildFile; fileRef = 74B426341EE6AF6D00006996 /* EverypaperTests.m */; };
		74B426401EE6AF6D00006996 /* EverypaperUITests.m in Sources */ = {isa = PBXBuildFile; fileRef = 74B4263F1EE6AF6D00006996 /* EverypaperUITests.m */; };
		9034F3E65734789A91257FE9 /* libPods-Everypaper.a in Frameworks */ = {isa = PBXBuildFile; fileRef = B022CC24C4681AC8A038689C /* libPods-Everypaper.a */; };
/* End PBXBuildFile section */

/* Begin PBXContainerItemProxy section */
		74B426311EE6AF6D00006996 /* PBXContainerItemProxy */ = {
			isa = PBXContainerItemProxy;
			containerPortal = 74B4260F1EE6AF6D00006996 /* Project object */;
			proxyType = 1;
			remoteGlobalIDString = 74B426161EE6AF6D00006996;
			remoteInfo = Everypaper;
		};
		74B4263C1EE6AF6D00006996 /* PBXContainerItemProxy */ = {
			isa = PBXContainerItemProxy;
			containerPortal = 74B4260F1EE6AF6D00006996 /* Project object */;
			proxyType = 1;
			remoteGlobalIDString = 74B426161EE6AF6D00006996;
			remoteInfo = Everypaper;
		};
/* End PBXContainerItemProxy section */

/* Begin PBXFileReference section */
		741FEEB31F2A163100147B36 /* NSString+Additions.h */ = {isa = PBXFileReference; fileEncoding = 4; lastKnownFileType = sourcecode.c.h; path = "NSString+Additions.h"; sourceTree = "<group>"; };
		741FEEB41F2A163100147B36 /* NSString+Additions.m */ = {isa = PBXFileReference; fileEncoding = 4; lastKnownFileType = sourcecode.c.objc; path = "NSString+Additions.m"; sourceTree = "<group>"; };
		742D71491F28B5DF007FF7A3 /* EPTabBarController.h */ = {isa = PBXFileReference; fileEncoding = 4; lastKnownFileType = sourcecode.c.h; path = EPTabBarController.h; sourceTree = "<group>"; };
		742D714A1F28B5DF007FF7A3 /* EPTabBarController.m */ = {isa = PBXFileReference; fileEncoding = 4; lastKnownFileType = sourcecode.c.objc; path = EPTabBarController.m; sourceTree = "<group>"; };
		745BAF861F14696A00C27730 /* EPNavigationController.h */ = {isa = PBXFileReference; fileEncoding = 4; lastKnownFileType = sourcecode.c.h; path = EPNavigationController.h; sourceTree = "<group>"; };
		745BAF871F14696A00C27730 /* EPNavigationController.m */ = {isa = PBXFileReference; fileEncoding = 4; lastKnownFileType = sourcecode.c.objc; path = EPNavigationController.m; sourceTree = "<group>"; };
		745DB2261F1713750068F10B /* UIImageView+EPUIImageView.h */ = {isa = PBXFileReference; fileEncoding = 4; lastKnownFileType = sourcecode.c.h; path = "UIImageView+EPUIImageView.h"; sourceTree = "<group>"; };
		745DB2271F1713750068F10B /* UIImageView+EPUIImageView.m */ = {isa = PBXFileReference; fileEncoding = 4; lastKnownFileType = sourcecode.c.objc; path = "UIImageView+EPUIImageView.m"; sourceTree = "<group>"; };
		745DB2291F174B0A0068F10B /* aaa.jpg */ = {isa = PBXFileReference; lastKnownFileType = image.jpeg; path = aaa.jpg; sourceTree = "<group>"; };
		745DB22B1F1753B10068F10B /* bbb.jpg */ = {isa = PBXFileReference; lastKnownFileType = image.jpeg; path = bbb.jpg; sourceTree = "<group>"; };
		745DB2311F17960E0068F10B /* 3.jpg */ = {isa = PBXFileReference; lastKnownFileType = image.jpeg; path = 3.jpg; sourceTree = "<group>"; };
		7462E1A91EF1233800490767 /* EPLoginController.h */ = {isa = PBXFileReference; fileEncoding = 4; lastKnownFileType = sourcecode.c.h; path = EPLoginController.h; sourceTree = "<group>"; };
		7462E1AA1EF1233800490767 /* EPLoginController.m */ = {isa = PBXFileReference; fileEncoding = 4; lastKnownFileType = sourcecode.c.objc; path = EPLoginController.m; sourceTree = "<group>"; };
		7462E1AC1EF1251800490767 /* EPLoginModel.h */ = {isa = PBXFileReference; fileEncoding = 4; lastKnownFileType = sourcecode.c.h; path = EPLoginModel.h; sourceTree = "<group>"; };
		7462E1AD1EF1251800490767 /* EPLoginModel.m */ = {isa = PBXFileReference; fileEncoding = 4; lastKnownFileType = sourcecode.c.objc; path = EPLoginModel.m; sourceTree = "<group>"; };
		7462E1AF1EF1266800490767 /* EPLoginView.h */ = {isa = PBXFileReference; fileEncoding = 4; lastKnownFileType = sourcecode.c.h; path = EPLoginView.h; sourceTree = "<group>"; };
		7462E1B01EF1266800490767 /* EPLoginView.m */ = {isa = PBXFileReference; fileEncoding = 4; lastKnownFileType = sourcecode.c.objc; path = EPLoginView.m; sourceTree = "<group>"; };
		7462E20B1EF17BF200490767 /* EPTextField.h */ = {isa = PBXFileReference; fileEncoding = 4; lastKnownFileType = sourcecode.c.h; path = EPTextField.h; sourceTree = "<group>"; };
		7462E20C1EF17BF200490767 /* EPTextField.m */ = {isa = PBXFileReference; fileEncoding = 4; lastKnownFileType = sourcecode.c.objc; path = EPTextField.m; sourceTree = "<group>"; };
		7464C61D1EEC260500B5EF7B /* PrefixHeader.pch */ = {isa = PBXFileReference; lastKnownFileType = sourcecode.c.h; path = PrefixHeader.pch; sourceTree = "<group>"; };
		7464C6241EEC34A500B5EF7B /* EPMainController.h */ = {isa = PBXFileReference; fileEncoding = 4; lastKnownFileType = sourcecode.c.h; path = EPMainController.h; sourceTree = "<group>"; };
		7464C6251EEC34A500B5EF7B /* EPMainController.m */ = {isa = PBXFileReference; fileEncoding = 4; lastKnownFileType = sourcecode.c.objc; path = EPMainController.m; sourceTree = "<group>"; };
		74929ED11F15C782008DECE8 /* EPOneViewController.h */ = {isa = PBXFileReference; fileEncoding = 4; lastKnownFileType = sourcecode.c.h; path = EPOneViewController.h; sourceTree = "<group>"; };
		74929ED21F15C782008DECE8 /* EPOneViewController.m */ = {isa = PBXFileReference; fileEncoding = 4; lastKnownFileType = sourcecode.c.objc; path = EPOneViewController.m; sourceTree = "<group>"; };
		74929ED41F15F20F008DECE8 /* EPSegmentView.h */ = {isa = PBXFileReference; fileEncoding = 4; lastKnownFileType = sourcecode.c.h; path = EPSegmentView.h; sourceTree = "<group>"; };
		74929ED51F15F20F008DECE8 /* EPSegmentView.m */ = {isa = PBXFileReference; fileEncoding = 4; lastKnownFileType = sourcecode.c.objc; path = EPSegmentView.m; sourceTree = "<group>"; };
		74929ED71F15FA47008DECE8 /* EPOneShowController.h */ = {isa = PBXFileReference; fileEncoding = 4; lastKnownFileType = sourcecode.c.h; path = EPOneShowController.h; sourceTree = "<group>"; };
		74929ED81F15FA47008DECE8 /* EPOneShowController.m */ = {isa = PBXFileReference; fileEncoding = 4; lastKnownFileType = sourcecode.c.objc; path = EPOneShowController.m; sourceTree = "<group>"; };
		74929EDA1F161083008DECE8 /* EPOneDetailController.h */ = {isa = PBXFileReference; fileEncoding = 4; lastKnownFileType = sourcecode.c.h; path = EPOneDetailController.h; sourceTree = "<group>"; };
		74929EDB1F161083008DECE8 /* EPOneDetailController.m */ = {isa = PBXFileReference; fileEncoding = 4; lastKnownFileType = sourcecode.c.objc; path = EPOneDetailController.m; sourceTree = "<group>"; };
		74929EDD1F1640D1008DECE8 /* VOL.1740.jpg */ = {isa = PBXFileReference; lastKnownFileType = image.jpeg; path = VOL.1740.jpg; sourceTree = "<group>"; };
		74929EDF1F164133008DECE8 /* OnePictuerCell.h */ = {isa = PBXFileReference; fileEncoding = 4; lastKnownFileType = sourcecode.c.h; path = OnePictuerCell.h; sourceTree = "<group>"; };
		74929EE01F164133008DECE8 /* OnePictuerCell.m */ = {isa = PBXFileReference; fileEncoding = 4; lastKnownFileType = sourcecode.c.objc; path = OnePictuerCell.m; sourceTree = "<group>"; };
		74929EE21F16415C008DECE8 /* OneTextCell.h */ = {isa = PBXFileReference; fileEncoding = 4; lastKnownFileType = sourcecode.c.h; path = OneTextCell.h; sourceTree = "<group>"; };
		74929EE31F16415C008DECE8 /* OneTextCell.m */ = {isa = PBXFileReference; fileEncoding = 4; lastKnownFileType = sourcecode.c.objc; path = OneTextCell.m; sourceTree = "<group>"; };
		74929EE51F164204008DECE8 /* OneSingCell.h */ = {isa = PBXFileReference; fileEncoding = 4; lastKnownFileType = sourcecode.c.h; path = OneSingCell.h; sourceTree = "<group>"; };
		74929EE61F164204008DECE8 /* OneSingCell.m */ = {isa = PBXFileReference; fileEncoding = 4; lastKnownFileType = sourcecode.c.objc; path = OneSingCell.m; sourceTree = "<group>"; };
		749621881F1864970020E5FA /* OnePicutreModel.h */ = {isa = PBXFileReference; fileEncoding = 4; lastKnownFileType = sourcecode.c.h; path = OnePicutreModel.h; sourceTree = "<group>"; };
		749621891F1864970020E5FA /* OnePicutreModel.m */ = {isa = PBXFileReference; fileEncoding = 4; lastKnownFileType = sourcecode.c.objc; path = OnePicutreModel.m; sourceTree = "<group>"; };
		7496218B1F1864C00020E5FA /* OneTextModel.h */ = {isa = PBXFileReference; fileEncoding = 4; lastKnownFileType = sourcecode.c.h; path = OneTextModel.h; sourceTree = "<group>"; };
		7496218C1F1864C00020E5FA /* OneTextModel.m */ = {isa = PBXFileReference; fileEncoding = 4; lastKnownFileType = sourcecode.c.objc; path = OneTextModel.m; sourceTree = "<group>"; };
		7496218E1F1864DC0020E5FA /* OneQusetionModel.h */ = {isa = PBXFileReference; fileEncoding = 4; lastKnownFileType = sourcecode.c.h; path = OneQusetionModel.h; sourceTree = "<group>"; };
		7496218F1F1864DC0020E5FA /* OneQusetionModel.m */ = {isa = PBXFileReference; fileEncoding = 4; lastKnownFileType = sourcecode.c.objc; path = OneQusetionModel.m; sourceTree = "<group>"; };
		749621911F1864F30020E5FA /* OneMusicModel.h */ = {isa = PBXFileReference; fileEncoding = 4; lastKnownFileType = sourcecode.c.h; path = OneMusicModel.h; sourceTree = "<group>"; };
		749621921F1864F30020E5FA /* OneMusicModel.m */ = {isa = PBXFileReference; fileEncoding = 4; lastKnownFileType = sourcecode.c.objc; path = OneMusicModel.m; sourceTree = "<group>"; };
		749842361EED75650084B8FA /* EPWelcomeController.h */ = {isa = PBXFileReference; fileEncoding = 4; lastKnownFileType = sourcecode.c.h; path = EPWelcomeController.h; sourceTree = "<group>"; };
		749842371EED75650084B8FA /* EPWelcomeController.m */ = {isa = PBXFileReference; fileEncoding = 4; lastKnownFileType = sourcecode.c.objc; path = EPWelcomeController.m; sourceTree = "<group>"; };
		749842391EED78AF0084B8FA /* EPCircleVIew.h */ = {isa = PBXFileReference; fileEncoding = 4; lastKnownFileType = sourcecode.c.h; path = EPCircleVIew.h; sourceTree = "<group>"; };
		7498423A1EED78AF0084B8FA /* EPCircleVIew.m */ = {isa = PBXFileReference; fileEncoding = 4; lastKnownFileType = sourcecode.c.objc; path = EPCircleVIew.m; sourceTree = "<group>"; };
		749842451EED83B10084B8FA /* UILabel+EPUILabel.h */ = {isa = PBXFileReference; fileEncoding = 4; lastKnownFileType = sourcecode.c.h; path = "UILabel+EPUILabel.h"; sourceTree = "<group>"; };
		749842461EED83B10084B8FA /* UILabel+EPUILabel.m */ = {isa = PBXFileReference; fileEncoding = 4; lastKnownFileType = sourcecode.c.objc; path = "UILabel+EPUILabel.m"; sourceTree = "<group>"; };
		74A09D9E1F10E0530092EC84 /* Lato-Bold.ttf */ = {isa = PBXFileReference; lastKnownFileType = file; path = "Lato-Bold.ttf"; sourceTree = "<group>"; };
		74A09D9F1F10E0530092EC84 /* Lato-Regular.ttf */ = {isa = PBXFileReference; lastKnownFileType = file; path = "Lato-Regular.ttf"; sourceTree = "<group>"; };
		74B426171EE6AF6D00006996 /* Everypaper.app */ = {isa = PBXFileReference; explicitFileType = wrapper.application; includeInIndex = 0; path = Everypaper.app; sourceTree = BUILT_PRODUCTS_DIR; };
		74B4261B1EE6AF6D00006996 /* main.m */ = {isa = PBXFileReference; lastKnownFileType = sourcecode.c.objc; path = main.m; sourceTree = "<group>"; };
		74B4261D1EE6AF6D00006996 /* AppDelegate.h */ = {isa = PBXFileReference; lastKnownFileType = sourcecode.c.h; path = AppDelegate.h; sourceTree = "<group>"; };
		74B4261E1EE6AF6D00006996 /* AppDelegate.m */ = {isa = PBXFileReference; lastKnownFileType = sourcecode.c.objc; path = AppDelegate.m; sourceTree = "<group>"; };
		74B426201EE6AF6D00006996 /* ViewController.h */ = {isa = PBXFileReference; lastKnownFileType = sourcecode.c.h; path = ViewController.h; sourceTree = "<group>"; };
		74B426211EE6AF6D00006996 /* ViewController.m */ = {isa = PBXFileReference; lastKnownFileType = sourcecode.c.objc; path = ViewController.m; sourceTree = "<group>"; };
		74B426261EE6AF6D00006996 /* Assets.xcassets */ = {isa = PBXFileReference; lastKnownFileType = folder.assetcatalog; path = Assets.xcassets; sourceTree = "<group>"; };
		74B426291EE6AF6D00006996 /* Base */ = {isa = PBXFileReference; lastKnownFileType = file.storyboard; name = Base; path = Base.lproj/LaunchScreen.storyboard; sourceTree = "<group>"; };
		74B4262B1EE6AF6D00006996 /* Info.plist */ = {isa = PBXFileReference; lastKnownFileType = text.plist.xml; path = Info.plist; sourceTree = "<group>"; };
		74B426301EE6AF6D00006996 /* EverypaperTests.xctest */ = {isa = PBXFileReference; explicitFileType = wrapper.cfbundle; includeInIndex = 0; path = EverypaperTests.xctest; sourceTree = BUILT_PRODUCTS_DIR; };
		74B426341EE6AF6D00006996 /* EverypaperTests.m */ = {isa = PBXFileReference; lastKnownFileType = sourcecode.c.objc; path = EverypaperTests.m; sourceTree = "<group>"; };
		74B426361EE6AF6D00006996 /* Info.plist */ = {isa = PBXFileReference; lastKnownFileType = text.plist.xml; path = Info.plist; sourceTree = "<group>"; };
		74B4263B1EE6AF6D00006996 /* EverypaperUITests.xctest */ = {isa = PBXFileReference; explicitFileType = wrapper.cfbundle; includeInIndex = 0; path = EverypaperUITests.xctest; sourceTree = BUILT_PRODUCTS_DIR; };
		74B4263F1EE6AF6D00006996 /* EverypaperUITests.m */ = {isa = PBXFileReference; lastKnownFileType = sourcecode.c.objc; path = EverypaperUITests.m; sourceTree = "<group>"; };
		74B426411EE6AF6D00006996 /* Info.plist */ = {isa = PBXFileReference; lastKnownFileType = text.plist.xml; path = Info.plist; sourceTree = "<group>"; };
		A0341C82C81E19ED5BF7380E /* Pods-Everypaper.release.xcconfig */ = {isa = PBXFileReference; includeInIndex = 1; lastKnownFileType = text.xcconfig; name = "Pods-Everypaper.release.xcconfig"; path = "Pods/Target Support Files/Pods-Everypaper/Pods-Everypaper.release.xcconfig"; sourceTree = "<group>"; };
		B022CC24C4681AC8A038689C /* libPods-Everypaper.a */ = {isa = PBXFileReference; explicitFileType = archive.ar; includeInIndex = 0; path = "libPods-Everypaper.a"; sourceTree = BUILT_PRODUCTS_DIR; };
		F5580C8017CF077046ECA48B /* Pods-Everypaper.debug.xcconfig */ = {isa = PBXFileReference; includeInIndex = 1; lastKnownFileType = text.xcconfig; name = "Pods-Everypaper.debug.xcconfig"; path = "Pods/Target Support Files/Pods-Everypaper/Pods-Everypaper.debug.xcconfig"; sourceTree = "<group>"; };
/* End PBXFileReference section */

/* Begin PBXFrameworksBuildPhase section */
		74B426141EE6AF6D00006996 /* Frameworks */ = {
			isa = PBXFrameworksBuildPhase;
			buildActionMask = 2147483647;
			files = (
				9034F3E65734789A91257FE9 /* libPods-Everypaper.a in Frameworks */,
			);
			runOnlyForDeploymentPostprocessing = 0;
		};
		74B4262D1EE6AF6D00006996 /* Frameworks */ = {
			isa = PBXFrameworksBuildPhase;
			buildActionMask = 2147483647;
			files = (
			);
			runOnlyForDeploymentPostprocessing = 0;
		};
		74B426381EE6AF6D00006996 /* Frameworks */ = {
			isa = PBXFrameworksBuildPhase;
			buildActionMask = 2147483647;
			files = (
			);
			runOnlyForDeploymentPostprocessing = 0;
		};
/* End PBXFrameworksBuildPhase section */

/* Begin PBXGroup section */
		115AED5AB7A45C383C83A366 /* Frameworks */ = {
			isa = PBXGroup;
			children = (
				B022CC24C4681AC8A038689C /* libPods-Everypaper.a */,
			);
			name = Frameworks;
			sourceTree = "<group>";
		};
		745BAF841F1468DF00C27730 /* Home */ = {
			isa = PBXGroup;
			children = (
				74929ECD1F15C65E008DECE8 /* One */,
				745BAF851F14690E00C27730 /* TabVC */,
				7464C61F1EEC324300B5EF7B /* Main */,
			);
			name = Home;
			sourceTree = "<group>";
		};
		745BAF851F14690E00C27730 /* TabVC */ = {
			isa = PBXGroup;
			children = (
				745BAF861F14696A00C27730 /* EPNavigationController.h */,
				745BAF871F14696A00C27730 /* EPNavigationController.m */,
				742D71491F28B5DF007FF7A3 /* EPTabBarController.h */,
				742D714A1F28B5DF007FF7A3 /* EPTabBarController.m */,
			);
			name = TabVC;
			sourceTree = "<group>";
		};
		7462E1A51EF1227E00490767 /* Model */ = {
			isa = PBXGroup;
			children = (
				7462E1AC1EF1251800490767 /* EPLoginModel.h */,
				7462E1AD1EF1251800490767 /* EPLoginModel.m */,
			);
			name = Model;
			sourceTree = "<group>";
		};
		7462E1A61EF1229600490767 /* View */ = {
			isa = PBXGroup;
			children = (
				7462E1AF1EF1266800490767 /* EPLoginView.h */,
				7462E1B01EF1266800490767 /* EPLoginView.m */,
				7462E20B1EF17BF200490767 /* EPTextField.h */,
				7462E20C1EF17BF200490767 /* EPTextField.m */,
			);
			name = View;
			sourceTree = "<group>";
		};
		7462E1A81EF122BC00490767 /* ViewController */ = {
			isa = PBXGroup;
			children = (
				7462E1A91EF1233800490767 /* EPLoginController.h */,
				7462E1AA1EF1233800490767 /* EPLoginController.m */,
			);
			name = ViewController;
			sourceTree = "<group>";
		};
		7464C61C1EEC25C800B5EF7B /* Other */ = {
			isa = PBXGroup;
			children = (
				7464C61D1EEC260500B5EF7B /* PrefixHeader.pch */,
			);
			name = Other;
			sourceTree = "<group>";
		};
		7464C61E1EEC322E00B5EF7B /* welcome */ = {
			isa = PBXGroup;
			children = (
				7464C6281EEC352600B5EF7B /* Controller */,
				7464C6271EEC351A00B5EF7B /* View */,
			);
			name = welcome;
			sourceTree = "<group>";
		};
		7464C61F1EEC324300B5EF7B /* Main */ = {
			isa = PBXGroup;
			children = (
				7464C6231EEC344A00B5EF7B /* Controller */,
				7464C6221EEC344200B5EF7B /* View */,
				7464C6211EEC343900B5EF7B /* Model */,
			);
			name = Main;
			sourceTree = "<group>";
		};
		7464C6201EEC325E00B5EF7B /* login */ = {
			isa = PBXGroup;
			children = (
				7462E1A81EF122BC00490767 /* ViewController */,
				7462E1A61EF1229600490767 /* View */,
				7462E1A51EF1227E00490767 /* Model */,
			);
			name = login;
			sourceTree = "<group>";
		};
		7464C6211EEC343900B5EF7B /* Model */ = {
			isa = PBXGroup;
			children = (
			);
			name = Model;
			sourceTree = "<group>";
		};
		7464C6221EEC344200B5EF7B /* View */ = {
			isa = PBXGroup;
			children = (
			);
			name = View;
			sourceTree = "<group>";
		};
		7464C6231EEC344A00B5EF7B /* Controller */ = {
			isa = PBXGroup;
			children = (
				7464C6241EEC34A500B5EF7B /* EPMainController.h */,
				7464C6251EEC34A500B5EF7B /* EPMainController.m */,
			);
			name = Controller;
			sourceTree = "<group>";
		};
		7464C6271EEC351A00B5EF7B /* View */ = {
			isa = PBXGroup;
			children = (
				749842391EED78AF0084B8FA /* EPCircleVIew.h */,
				7498423A1EED78AF0084B8FA /* EPCircleVIew.m */,
			);
			name = View;
			sourceTree = "<group>";
		};
		7464C6281EEC352600B5EF7B /* Controller */ = {
			isa = PBXGroup;
			children = (
				749842361EED75650084B8FA /* EPWelcomeController.h */,
				749842371EED75650084B8FA /* EPWelcomeController.m */,
			);
			name = Controller;
			sourceTree = "<group>";
		};
		74929ECD1F15C65E008DECE8 /* One */ = {
			isa = PBXGroup;
			children = (
				74929ED01F15C6B4008DECE8 /* Model */,
				74929ECF1F15C6AD008DECE8 /* View */,
				74929ECE1F15C6A3008DECE8 /* Controller */,
			);
			name = One;
			sourceTree = "<group>";
		};
		74929ECE1F15C6A3008DECE8 /* Controller */ = {
			isa = PBXGroup;
			children = (
				74929ED11F15C782008DECE8 /* EPOneViewController.h */,
				74929ED21F15C782008DECE8 /* EPOneViewController.m */,
				74929ED71F15FA47008DECE8 /* EPOneShowController.h */,
				74929ED81F15FA47008DECE8 /* EPOneShowController.m */,
				74929EDA1F161083008DECE8 /* EPOneDetailController.h */,
				74929EDB1F161083008DECE8 /* EPOneDetailController.m */,
			);
			name = Controller;
			sourceTree = "<group>";
		};
		74929ECF1F15C6AD008DECE8 /* View */ = {
			isa = PBXGroup;
			children = (
				74929ED41F15F20F008DECE8 /* EPSegmentView.h */,
				74929ED51F15F20F008DECE8 /* EPSegmentView.m */,
				74929EDF1F164133008DECE8 /* OnePictuerCell.h */,
				74929EE01F164133008DECE8 /* OnePictuerCell.m */,
				74929EE21F16415C008DECE8 /* OneTextCell.h */,
				74929EE31F16415C008DECE8 /* OneTextCell.m */,
				74929EE51F164204008DECE8 /* OneSingCell.h */,
				74929EE61F164204008DECE8 /* OneSingCell.m */,
			);
			name = View;
			sourceTree = "<group>";
		};
		74929ED01F15C6B4008DECE8 /* Model */ = {
			isa = PBXGroup;
			children = (
				749621881F1864970020E5FA /* OnePicutreModel.h */,
				749621891F1864970020E5FA /* OnePicutreModel.m */,
				7496218B1F1864C00020E5FA /* OneTextModel.h */,
				7496218C1F1864C00020E5FA /* OneTextModel.m */,
				7496218E1F1864DC0020E5FA /* OneQusetionModel.h */,
				7496218F1F1864DC0020E5FA /* OneQusetionModel.m */,
				749621911F1864F30020E5FA /* OneMusicModel.h */,
				749621921F1864F30020E5FA /* OneMusicModel.m */,
			);
			name = Model;
			sourceTree = "<group>";
		};
		749842411EED82F10084B8FA /* Extension */ = {
			isa = PBXGroup;
			children = (
				749842421EED83070084B8FA /* NSExtensize */,
				749842431EED831A0084B8FA /* UIExtensize */,
				749842441EED83480084B8FA /* other */,
			);
			name = Extension;
			sourceTree = "<group>";
		};
		749842421EED83070084B8FA /* NSExtensize */ = {
			isa = PBXGroup;
			children = (
				741FEEB31F2A163100147B36 /* NSString+Additions.h */,
				741FEEB41F2A163100147B36 /* NSString+Additions.m */,
			);
			name = NSExtensize;
			sourceTree = "<group>";
		};
		749842431EED831A0084B8FA /* UIExtensize */ = {
			isa = PBXGroup;
			children = (
				749842461EED83B10084B8FA /* UILabel+EPUILabel.m */,
				749842451EED83B10084B8FA /* UILabel+EPUILabel.h */,
				745DB2261F1713750068F10B /* UIImageView+EPUIImageView.h */,
				745DB2271F1713750068F10B /* UIImageView+EPUIImageView.m */,
			);
			name = UIExtensize;
			sourceTree = "<group>";
		};
		749842441EED83480084B8FA /* other */ = {
			isa = PBXGroup;
			children = (
			);
			name = other;
			sourceTree = "<group>";
		};
		74A09D9D1F10E0530092EC84 /* Font */ = {
			isa = PBXGroup;
			children = (
				74A09D9E1F10E0530092EC84 /* Lato-Bold.ttf */,
				74A09D9F1F10E0530092EC84 /* Lato-Regular.ttf */,
			);
			path = Font;
			sourceTree = "<group>";
		};
		74B4260E1EE6AF6D00006996 = {
			isa = PBXGroup;
			children = (
				74B426191EE6AF6D00006996 /* Everypaper */,
				74B426331EE6AF6D00006996 /* EverypaperTests */,
				74B4263E1EE6AF6D00006996 /* EverypaperUITests */,
				7C6251DE193FDB5E4C378CD4 /* Pods */,
				115AED5AB7A45C383C83A366 /* Frameworks */,
			);
			sourceTree = "<group>";
		};
		74B426181EE6AF6D00006996 /* Products */ = {
			isa = PBXGroup;
			children = (
				74B426171EE6AF6D00006996 /* Everypaper.app */,
				74B426301EE6AF6D00006996 /* EverypaperTests.xctest */,
				74B4263B1EE6AF6D00006996 /* EverypaperUITests.xctest */,
			);
			name = Products;
			path = ..;
			sourceTree = "<group>";
		};
		74B426191EE6AF6D00006996 /* Everypaper */ = {
			isa = PBXGroup;
			children = (
				7464C61E1EEC322E00B5EF7B /* welcome */,
				745BAF841F1468DF00C27730 /* Home */,
				7464C6201EEC325E00B5EF7B /* login */,
				749842411EED82F10084B8FA /* Extension */,
				7464C61C1EEC25C800B5EF7B /* Other */,
				74B4261D1EE6AF6D00006996 /* AppDelegate.h */,
				74B4261E1EE6AF6D00006996 /* AppDelegate.m */,
				74B426201EE6AF6D00006996 /* ViewController.h */,
				74B426211EE6AF6D00006996 /* ViewController.m */,
				74B426261EE6AF6D00006996 /* Assets.xcassets */,
				74B426281EE6AF6D00006996 /* LaunchScreen.storyboard */,
				74B4262B1EE6AF6D00006996 /* Info.plist */,
				74B4261A1EE6AF6D00006996 /* Supporting Files */,
			);
			path = Everypaper;
			sourceTree = "<group>";
		};
		74B4261A1EE6AF6D00006996 /* Supporting Files */ = {
			isa = PBXGroup;
			children = (
				74929EDD1F1640D1008DECE8 /* VOL.1740.jpg */,
				745DB2311F17960E0068F10B /* 3.jpg */,
				745DB2291F174B0A0068F10B /* aaa.jpg */,
				745DB22B1F1753B10068F10B /* bbb.jpg */,
				74A09D9D1F10E0530092EC84 /* Font */,
				74B4261B1EE6AF6D00006996 /* main.m */,
			);
			name = "Supporting Files";
			sourceTree = "<group>";
		};
		74B426331EE6AF6D00006996 /* EverypaperTests */ = {
			isa = PBXGroup;
			children = (
				74B426181EE6AF6D00006996 /* Products */,
				74B426341EE6AF6D00006996 /* EverypaperTests.m */,
				74B426361EE6AF6D00006996 /* Info.plist */,
			);
			path = EverypaperTests;
			sourceTree = "<group>";
		};
		74B4263E1EE6AF6D00006996 /* EverypaperUITests */ = {
			isa = PBXGroup;
			children = (
				74B4263F1EE6AF6D00006996 /* EverypaperUITests.m */,
				74B426411EE6AF6D00006996 /* Info.plist */,
			);
			path = EverypaperUITests;
			sourceTree = "<group>";
		};
		7C6251DE193FDB5E4C378CD4 /* Pods */ = {
			isa = PBXGroup;
			children = (
				F5580C8017CF077046ECA48B /* Pods-Everypaper.debug.xcconfig */,
				A0341C82C81E19ED5BF7380E /* Pods-Everypaper.release.xcconfig */,
			);
			name = Pods;
			sourceTree = "<group>";
		};
/* End PBXGroup section */

/* Begin PBXNativeTarget section */
		74B426161EE6AF6D00006996 /* Everypaper */ = {
			isa = PBXNativeTarget;
			buildConfigurationList = 74B426441EE6AF6D00006996 /* Build configuration list for PBXNativeTarget "Everypaper" */;
			buildPhases = (
				48ED80424AF46B4A0CE24C3A /* [CP] Check Pods Manifest.lock */,
				74B426131EE6AF6D00006996 /* Sources */,
				74B426141EE6AF6D00006996 /* Frameworks */,
				74B426151EE6AF6D00006996 /* Resources */,
				592A0A99BE49B67D3ACFD156 /* [CP] Embed Pods Frameworks */,
				181A7B681B027EA83EB08C6E /* [CP] Copy Pods Resources */,
			);
			buildRules = (
			);
			dependencies = (
			);
			name = Everypaper;
			productName = Everypaper;
			productReference = 74B426171EE6AF6D00006996 /* Everypaper.app */;
			productType = "com.apple.product-type.application";
		};
		74B4262F1EE6AF6D00006996 /* EverypaperTests */ = {
			isa = PBXNativeTarget;
			buildConfigurationList = 74B426471EE6AF6D00006996 /* Build configuration list for PBXNativeTarget "EverypaperTests" */;
			buildPhases = (
				74B4262C1EE6AF6D00006996 /* Sources */,
				74B4262D1EE6AF6D00006996 /* Frameworks */,
				74B4262E1EE6AF6D00006996 /* Resources */,
			);
			buildRules = (
			);
			dependencies = (
				74B426321EE6AF6D00006996 /* PBXTargetDependency */,
			);
			name = EverypaperTests;
			productName = EverypaperTests;
			productReference = 74B426301EE6AF6D00006996 /* EverypaperTests.xctest */;
			productType = "com.apple.product-type.bundle.unit-test";
		};
		74B4263A1EE6AF6D00006996 /* EverypaperUITests */ = {
			isa = PBXNativeTarget;
			buildConfigurationList = 74B4264A1EE6AF6D00006996 /* Build configuration list for PBXNativeTarget "EverypaperUITests" */;
			buildPhases = (
				74B426371EE6AF6D00006996 /* Sources */,
				74B426381EE6AF6D00006996 /* Frameworks */,
				74B426391EE6AF6D00006996 /* Resources */,
			);
			buildRules = (
			);
			dependencies = (
				74B4263D1EE6AF6D00006996 /* PBXTargetDependency */,
			);
			name = EverypaperUITests;
			productName = EverypaperUITests;
			productReference = 74B4263B1EE6AF6D00006996 /* EverypaperUITests.xctest */;
			productType = "com.apple.product-type.bundle.ui-testing";
		};
/* End PBXNativeTarget section */

/* Begin PBXProject section */
		74B4260F1EE6AF6D00006996 /* Project object */ = {
			isa = PBXProject;
			attributes = {
				LastUpgradeCheck = 0830;
				ORGANIZATIONNAME = "PuChin·chen";
				TargetAttributes = {
					74B426161EE6AF6D00006996 = {
						CreatedOnToolsVersion = 8.3.3;
						ProvisioningStyle = Automatic;
					};
					74B4262F1EE6AF6D00006996 = {
						CreatedOnToolsVersion = 8.3.3;
						ProvisioningStyle = Automatic;
						TestTargetID = 74B426161EE6AF6D00006996;
					};
					74B4263A1EE6AF6D00006996 = {
						CreatedOnToolsVersion = 8.3.3;
						ProvisioningStyle = Automatic;
						TestTargetID = 74B426161EE6AF6D00006996;
					};
				};
			};
			buildConfigurationList = 74B426121EE6AF6D00006996 /* Build configuration list for PBXProject "Everypaper" */;
			compatibilityVersion = "Xcode 3.2";
			developmentRegion = English;
			hasScannedForEncodings = 0;
			knownRegions = (
				en,
				Base,
			);
			mainGroup = 74B4260E1EE6AF6D00006996;
			productRefGroup = 74B426181EE6AF6D00006996 /* Products */;
			projectDirPath = "";
			projectRoot = "";
			targets = (
				74B426161EE6AF6D00006996 /* Everypaper */,
				74B4262F1EE6AF6D00006996 /* EverypaperTests */,
				74B4263A1EE6AF6D00006996 /* EverypaperUITests */,
			);
		};
/* End PBXProject section */

/* Begin PBXResourcesBuildPhase section */
		74B426151EE6AF6D00006996 /* Resources */ = {
			isa = PBXResourcesBuildPhase;
			buildActionMask = 2147483647;
			files = (
				745DB2321F17960E0068F10B /* 3.jpg in Resources */,
				74B4262A1EE6AF6D00006996 /* LaunchScreen.storyboard in Resources */,
				74A09DA01F10E0530092EC84 /* Lato-Bold.ttf in Resources */,
				74B426271EE6AF6D00006996 /* Assets.xcassets in Resources */,
				745DB22A1F174B0A0068F10B /* aaa.jpg in Resources */,
				745DB22C1F1753B10068F10B /* bbb.jpg in Resources */,
				74929EDE1F1640D1008DECE8 /* VOL.1740.jpg in Resources */,
				74A09DA11F10E0530092EC84 /* Lato-Regular.ttf in Resources */,
			);
			runOnlyForDeploymentPostprocessing = 0;
		};
		74B4262E1EE6AF6D00006996 /* Resources */ = {
			isa = PBXResourcesBuildPhase;
			buildActionMask = 2147483647;
			files = (
			);
			runOnlyForDeploymentPostprocessing = 0;
		};
		74B426391EE6AF6D00006996 /* Resources */ = {
			isa = PBXResourcesBuildPhase;
			buildActionMask = 2147483647;
			files = (
			);
			runOnlyForDeploymentPostprocessing = 0;
		};
/* End PBXResourcesBuildPhase section */

/* Begin PBXShellScriptBuildPhase section */
		181A7B681B027EA83EB08C6E /* [CP] Copy Pods Resources */ = {
			isa = PBXShellScriptBuildPhase;
			buildActionMask = 2147483647;
			files = (
			);
			inputPaths = (
			);
			name = "[CP] Copy Pods Resources";
			outputPaths = (
			);
			runOnlyForDeploymentPostprocessing = 0;
			shellPath = /bin/sh;
			shellScript = "\"${SRCROOT}/Pods/Target Support Files/Pods-Everypaper/Pods-Everypaper-resources.sh\"\n";
			showEnvVarsInLog = 0;
		};
		48ED80424AF46B4A0CE24C3A /* [CP] Check Pods Manifest.lock */ = {
			isa = PBXShellScriptBuildPhase;
			buildActionMask = 2147483647;
			files = (
			);
			inputPaths = (
			);
			name = "[CP] Check Pods Manifest.lock";
			outputPaths = (
			);
			runOnlyForDeploymentPostprocessing = 0;
			shellPath = /bin/sh;
			shellScript = "diff \"${PODS_ROOT}/../Podfile.lock\" \"${PODS_ROOT}/Manifest.lock\" > /dev/null\nif [ $? != 0 ] ; then\n    # print error to STDERR\n    echo \"error: The sandbox is not in sync with the Podfile.lock. Run 'pod install' or update your CocoaPods installation.\" >&2\n    exit 1\nfi\n";
			showEnvVarsInLog = 0;
		};
		592A0A99BE49B67D3ACFD156 /* [CP] Embed Pods Frameworks */ = {
			isa = PBXShellScriptBuildPhase;
			buildActionMask = 2147483647;
			files = (
			);
			inputPaths = (
			);
			name = "[CP] Embed Pods Frameworks";
			outputPaths = (
			);
			runOnlyForDeploymentPostprocessing = 0;
			shellPath = /bin/sh;
			shellScript = "\"${SRCROOT}/Pods/Target Support Files/Pods-Everypaper/Pods-Everypaper-frameworks.sh\"\n";
			showEnvVarsInLog = 0;
		};
/* End PBXShellScriptBuildPhase section */

/* Begin PBXSourcesBuildPhase section */
		74B426131EE6AF6D00006996 /* Sources */ = {
			isa = PBXSourcesBuildPhase;
			buildActionMask = 2147483647;
			files = (
				741FEEB51F2A163100147B36 /* NSString+Additions.m in Sources */,
				74929EDC1F161083008DECE8 /* EPOneDetailController.m in Sources */,
				74929EE11F164133008DECE8 /* OnePictuerCell.m in Sources */,
				7462E1AE1EF1251800490767 /* EPLoginModel.m in Sources */,
				7462E1AB1EF1233800490767 /* EPLoginController.m in Sources */,
				74B426221EE6AF6D00006996 /* ViewController.m in Sources */,
				74B4261F1EE6AF6D00006996 /* AppDelegate.m in Sources */,
				745DB2281F1713750068F10B /* UIImageView+EPUIImageView.m in Sources */,
				749842381EED75650084B8FA /* EPWelcomeController.m in Sources */,
				7462E1B11EF1266800490767 /* EPLoginView.m in Sources */,
				74B4261C1EE6AF6D00006996 /* main.m in Sources */,
				74929ED61F15F20F008DECE8 /* EPSegmentView.m in Sources */,
				74929EE71F164204008DECE8 /* OneSingCell.m in Sources */,
				7464C6261EEC34A500B5EF7B /* EPMainController.m in Sources */,
				74929EE41F16415C008DECE8 /* OneTextCell.m in Sources */,
				745BAF881F14696A00C27730 /* EPNavigationController.m in Sources */,
				742D714B1F28B5DF007FF7A3 /* EPTabBarController.m in Sources */,
				749621901F1864DC0020E5FA /* OneQusetionModel.m in Sources */,
				7498423B1EED78AF0084B8FA /* EPCircleVIew.m in Sources */,
				7496218A1F1864970020E5FA /* OnePicutreModel.m in Sources */,
				749842471EED83B10084B8FA /* UILabel+EPUILabel.m in Sources */,
				7462E20D1EF17BF200490767 /* EPTextField.m in Sources */,
				749621931F1864F30020E5FA /* OneMusicModel.m in Sources */,
				74929ED91F15FA47008DECE8 /* EPOneShowController.m in Sources */,
				7496218D1F1864C00020E5FA /* OneTextModel.m in Sources */,
				74929ED31F15C782008DECE8 /* EPOneViewController.m in Sources */,
			);
			runOnlyForDeploymentPostprocessing = 0;
		};
		74B4262C1EE6AF6D00006996 /* Sources */ = {
			isa = PBXSourcesBuildPhase;
			buildActionMask = 2147483647;
			files = (
				74B426351EE6AF6D00006996 /* EverypaperTests.m in Sources */,
			);
			runOnlyForDeploymentPostprocessing = 0;
		};
		74B426371EE6AF6D00006996 /* Sources */ = {
			isa = PBXSourcesBuildPhase;
			buildActionMask = 2147483647;
			files = (
				74B426401EE6AF6D00006996 /* EverypaperUITests.m in Sources */,
			);
			runOnlyForDeploymentPostprocessing = 0;
		};
/* End PBXSourcesBuildPhase section */

/* Begin PBXTargetDependency section */
		74B426321EE6AF6D00006996 /* PBXTargetDependency */ = {
			isa = PBXTargetDependency;
			target = 74B426161EE6AF6D00006996 /* Everypaper */;
			targetProxy = 74B426311EE6AF6D00006996 /* PBXContainerItemProxy */;
		};
		74B4263D1EE6AF6D00006996 /* PBXTargetDependency */ = {
			isa = PBXTargetDependency;
			target = 74B426161EE6AF6D00006996 /* Everypaper */;
			targetProxy = 74B4263C1EE6AF6D00006996 /* PBXContainerItemProxy */;
		};
/* End PBXTargetDependency section */

/* Begin PBXVariantGroup section */
		74B426281EE6AF6D00006996 /* LaunchScreen.storyboard */ = {
			isa = PBXVariantGroup;
			children = (
				74B426291EE6AF6D00006996 /* Base */,
			);
			name = LaunchScreen.storyboard;
			sourceTree = "<group>";
		};
/* End PBXVariantGroup section */

/* Begin XCBuildConfiguration section */
		74B426421EE6AF6D00006996 /* Debug */ = {
			isa = XCBuildConfiguration;
			buildSettings = {
				ALWAYS_SEARCH_USER_PATHS = NO;
				CLANG_ANALYZER_NONNULL = YES;
				CLANG_ANALYZER_NUMBER_OBJECT_CONVERSION = YES_AGGRESSIVE;
				CLANG_CXX_LANGUAGE_STANDARD = "gnu++0x";
				CLANG_CXX_LIBRARY = "libc++";
				CLANG_ENABLE_MODULES = YES;
				CLANG_ENABLE_OBJC_ARC = YES;
				CLANG_WARN_BOOL_CONVERSION = YES;
				CLANG_WARN_CONSTANT_CONVERSION = YES;
				CLANG_WARN_DIRECT_OBJC_ISA_USAGE = YES_ERROR;
				CLANG_WARN_DOCUMENTATION_COMMENTS = YES;
				CLANG_WARN_EMPTY_BODY = YES;
				CLANG_WARN_ENUM_CONVERSION = YES;
				CLANG_WARN_INFINITE_RECURSION = YES;
				CLANG_WARN_INT_CONVERSION = YES;
				CLANG_WARN_OBJC_ROOT_CLASS = YES_ERROR;
				CLANG_WARN_SUSPICIOUS_MOVE = YES;
				CLANG_WARN_UNREACHABLE_CODE = YES;
				CLANG_WARN__DUPLICATE_METHOD_MATCH = YES;
				"CODE_SIGN_IDENTITY[sdk=iphoneos*]" = "iPhone Developer";
				COPY_PHASE_STRIP = NO;
				DEBUG_INFORMATION_FORMAT = dwarf;
				ENABLE_STRICT_OBJC_MSGSEND = YES;
				ENABLE_TESTABILITY = YES;
				GCC_C_LANGUAGE_STANDARD = gnu99;
				GCC_DYNAMIC_NO_PIC = NO;
				GCC_NO_COMMON_BLOCKS = YES;
				GCC_OPTIMIZATION_LEVEL = 0;
				GCC_PREPROCESSOR_DEFINITIONS = (
					"DEBUG=1",
					"$(inherited)",
				);
				GCC_WARN_64_TO_32_BIT_CONVERSION = YES;
				GCC_WARN_ABOUT_RETURN_TYPE = YES_ERROR;
				GCC_WARN_UNDECLARED_SELECTOR = YES;
				GCC_WARN_UNINITIALIZED_AUTOS = YES_AGGRESSIVE;
				GCC_WARN_UNUSED_FUNCTION = YES;
				GCC_WARN_UNUSED_VARIABLE = YES;
				IPHONEOS_DEPLOYMENT_TARGET = 10.3;
				MTL_ENABLE_DEBUG_INFO = YES;
				ONLY_ACTIVE_ARCH = YES;
				SDKROOT = iphoneos;
			};
			name = Debug;
		};
		74B426431EE6AF6D00006996 /* Release */ = {
			isa = XCBuildConfiguration;
			buildSettings = {
				ALWAYS_SEARCH_USER_PATHS = NO;
				CLANG_ANALYZER_NONNULL = YES;
				CLANG_ANALYZER_NUMBER_OBJECT_CONVERSION = YES_AGGRESSIVE;
				CLANG_CXX_LANGUAGE_STANDARD = "gnu++0x";
				CLANG_CXX_LIBRARY = "libc++";
				CLANG_ENABLE_MODULES = YES;
				CLANG_ENABLE_OBJC_ARC = YES;
				CLANG_WARN_BOOL_CONVERSION = YES;
				CLANG_WARN_CONSTANT_CONVERSION = YES;
				CLANG_WARN_DIRECT_OBJC_ISA_USAGE = YES_ERROR;
				CLANG_WARN_DOCUMENTATION_COMMENTS = YES;
				CLANG_WARN_EMPTY_BODY = YES;
				CLANG_WARN_ENUM_CONVERSION = YES;
				CLANG_WARN_INFINITE_RECURSION = YES;
				CLANG_WARN_INT_CONVERSION = YES;
				CLANG_WARN_OBJC_ROOT_CLASS = YES_ERROR;
				CLANG_WARN_SUSPICIOUS_MOVE = YES;
				CLANG_WARN_UNREACHABLE_CODE = YES;
				CLANG_WARN__DUPLICATE_METHOD_MATCH = YES;
				"CODE_SIGN_IDENTITY[sdk=iphoneos*]" = "iPhone Developer";
				COPY_PHASE_STRIP = NO;
				DEBUG_INFORMATION_FORMAT = "dwarf-with-dsym";
				ENABLE_NS_ASSERTIONS = NO;
				ENABLE_STRICT_OBJC_MSGSEND = YES;
				GCC_C_LANGUAGE_STANDARD = gnu99;
				GCC_NO_COMMON_BLOCKS = YES;
				GCC_WARN_64_TO_32_BIT_CONVERSION = YES;
				GCC_WARN_ABOUT_RETURN_TYPE = YES_ERROR;
				GCC_WARN_UNDECLARED_SELECTOR = YES;
				GCC_WARN_UNINITIALIZED_AUTOS = YES_AGGRESSIVE;
				GCC_WARN_UNUSED_FUNCTION = YES;
				GCC_WARN_UNUSED_VARIABLE = YES;
				IPHONEOS_DEPLOYMENT_TARGET = 10.3;
				MTL_ENABLE_DEBUG_INFO = NO;
				SDKROOT = iphoneos;
				VALIDATE_PRODUCT = YES;
			};
			name = Release;
		};
		74B426451EE6AF6D00006996 /* Debug */ = {
			isa = XCBuildConfiguration;
			baseConfigurationReference = F5580C8017CF077046ECA48B /* Pods-Everypaper.debug.xcconfig */;
			buildSettings = {
				ASSETCATALOG_COMPILER_APPICON_NAME = AppIcon;
				DEVELOPMENT_TEAM = "";
				GCC_PREFIX_HEADER = Everypaper/PrefixHeader.pch;
				INFOPLIST_FILE = Everypaper/Info.plist;
				LD_RUNPATH_SEARCH_PATHS = "$(inherited) @executable_path/Frameworks";
				PRODUCT_BUNDLE_IDENTIFIER = PuChin.Everypaper;
				PRODUCT_NAME = "$(TARGET_NAME)";
			};
			name = Debug;
		};
		74B426461EE6AF6D00006996 /* Release */ = {
			isa = XCBuildConfiguration;
			baseConfigurationReference = A0341C82C81E19ED5BF7380E /* Pods-Everypaper.release.xcconfig */;
			buildSettings = {
				ASSETCATALOG_COMPILER_APPICON_NAME = AppIcon;
				DEVELOPMENT_TEAM = "";
				GCC_PREFIX_HEADER = Everypaper/PrefixHeader.pch;
				INFOPLIST_FILE = Everypaper/Info.plist;
				LD_RUNPATH_SEARCH_PATHS = "$(inherited) @executable_path/Frameworks";
				PRODUCT_BUNDLE_IDENTIFIER = PuChin.Everypaper;
				PRODUCT_NAME = "$(TARGET_NAME)";
			};
			name = Release;
		};
		74B426481EE6AF6D00006996 /* Debug */ = {
			isa = XCBuildConfiguration;
			buildSettings = {
				BUNDLE_LOADER = "$(TEST_HOST)";
				INFOPLIST_FILE = EverypaperTests/Info.plist;
				LD_RUNPATH_SEARCH_PATHS = "$(inherited) @executable_path/Frameworks @loader_path/Frameworks";
				PRODUCT_BUNDLE_IDENTIFIER = PuChin.EverypaperTests;
				PRODUCT_NAME = "$(TARGET_NAME)";
				TEST_HOST = "$(BUILT_PRODUCTS_DIR)/Everypaper.app/Everypaper";
			};
			name = Debug;
		};
		74B426491EE6AF6D00006996 /* Release */ = {
			isa = XCBuildConfiguration;
			buildSettings = {
				BUNDLE_LOADER = "$(TEST_HOST)";
				INFOPLIST_FILE = EverypaperTests/Info.plist;
				LD_RUNPATH_SEARCH_PATHS = "$(inherited) @executable_path/Frameworks @loader_path/Frameworks";
				PRODUCT_BUNDLE_IDENTIFIER = PuChin.EverypaperTests;
				PRODUCT_NAME = "$(TARGET_NAME)";
				TEST_HOST = "$(BUILT_PRODUCTS_DIR)/Everypaper.app/Everypaper";
			};
			name = Release;
		};
		74B4264B1EE6AF6D00006996 /* Debug */ = {
			isa = XCBuildConfiguration;
			buildSettings = {
				INFOPLIST_FILE = EverypaperUITests/Info.plist;
				LD_RUNPATH_SEARCH_PATHS = "$(inherited) @executable_path/Frameworks @loader_path/Frameworks";
				PRODUCT_BUNDLE_IDENTIFIER = PuChin.EverypaperUITests;
				PRODUCT_NAME = "$(TARGET_NAME)";
				TEST_TARGET_NAME = Everypaper;
			};
			name = Debug;
		};
		74B4264C1EE6AF6D00006996 /* Release */ = {
			isa = XCBuildConfiguration;
			buildSettings = {
				INFOPLIST_FILE = EverypaperUITests/Info.plist;
				LD_RUNPATH_SEARCH_PATHS = "$(inherited) @executable_path/Frameworks @loader_path/Frameworks";
				PRODUCT_BUNDLE_IDENTIFIER = PuChin.EverypaperUITests;
				PRODUCT_NAME = "$(TARGET_NAME)";
				TEST_TARGET_NAME = Everypaper;
			};
			name = Release;
		};
/* End XCBuildConfiguration section */

/* Begin XCConfigurationList section */
		74B426121EE6AF6D00006996 /* Build configuration list for PBXProject "Everypaper" */ = {
			isa = XCConfigurationList;
			buildConfigurations = (
				74B426421EE6AF6D00006996 /* Debug */,
				74B426431EE6AF6D00006996 /* Release */,
			);
			defaultConfigurationIsVisible = 0;
			defaultConfigurationName = Release;
		};
		74B426441EE6AF6D00006996 /* Build configuration list for PBXNativeTarget "Everypaper" */ = {
			isa = XCConfigurationList;
			buildConfigurations = (
				74B426451EE6AF6D00006996 /* Debug */,
				74B426461EE6AF6D00006996 /* Release */,
			);
			defaultConfigurationIsVisible = 0;
			defaultConfigurationName = Release;
		};
		74B426471EE6AF6D00006996 /* Build configuration list for PBXNativeTarget "EverypaperTests" */ = {
			isa = XCConfigurationList;
			buildConfigurations = (
				74B426481EE6AF6D00006996 /* Debug */,
				74B426491EE6AF6D00006996 /* Release */,
			);
			defaultConfigurationIsVisible = 0;
			defaultConfigurationName = Release;
		};
		74B4264A1EE6AF6D00006996 /* Build configuration list for PBXNativeTarget "EverypaperUITests" */ = {
			isa = XCConfigurationList;
			buildConfigurations = (
				74B4264B1EE6AF6D00006996 /* Debug */,
				74B4264C1EE6AF6D00006996 /* Release */,
			);
			defaultConfigurationIsVisible = 0;
			defaultConfigurationName = Release;
		};
/* End XCConfigurationList section */
	};
	rootObject = 74B4260F1EE6AF6D00006996 /* Project object */;
}
